
Microsoft Visual Studio Solution File, Format Version 12.00
# Visual Studio Version 16
VisualStudioVersion = 16.0.30517.126
MinimumVisualStudioVersion = 10.0.40219.1
Project("{FAE04EC0-301F-11D3-BF4B-00C04F79EFBC}") = "ConsoleAppPrueba", "ConsoleAppPrueba\ConsoleAppPrueba.csproj", "{D1400125-C47F-4A62-8E60-3599A896928D}"
EndProject
Global
	GlobalSection(SolutionConfigurationPlatforms) = preSolution
		Debug|Any CPU = Debug|Any CPU
		Release|Any CPU = Release|Any CPU
	EndGlobalSection
	GlobalSection(ProjectConfigurationPlatforms) = postSolution
		{D1400125-C47F-4A62-8E60-3599A896928D}.Debug|Any CPU.ActiveCfg = Debug|Any CPU
		{D1400125-C47F-4A62-8E60-3599A896928D}.Debug|Any CPU.Build.0 = Debug|Any CPU
		{D1400125-C47F-4A62-8E60-3599A896928D}.Release|Any CPU.ActiveCfg = Release|Any CPU
		{D1400125-C47F-4A62-8E60-3599A896928D}.Release|Any CPU.Build.0 = Release|Any CPU
	EndGlobalSection
	GlobalSection(SolutionProperties) = preSolution
		HideSolutionNode = FALSE
	EndGlobalSection
	GlobalSection(ExtensibilityGlobals) = postSolution
		SolutionGuid = {CCCCCDB8-81F5-4A11-851A-9E062E569C78}
	EndGlobalSection
EndGlobal
